
Microsoft Visual Studio Solution File, Format Version 12.00
Project("{FAE04EC0-301F-11D3-BF4B-00C04F79EFBC}") = "NullConditionalAssignment", "NullConditionalAssignment\NullConditionalAssignment.csproj", "{64653841-71C8-4287-8A92-D8B466CF1081}"
EndProject
Global
	GlobalSection(SolutionConfigurationPlatforms) = preSolution
		Debug|Any CPU = Debug|Any CPU
		Release|Any CPU = Release|Any CPU
	EndGlobalSection
	GlobalSection(ProjectConfigurationPlatforms) = postSolution
		{64653841-71C8-4287-8A92-D8B466CF1081}.Debug|Any CPU.ActiveCfg = Debug|Any CPU
		{64653841-71C8-4287-8A92-D8B466CF1081}.Debug|Any CPU.Build.0 = Debug|Any CPU
		{64653841-71C8-4287-8A92-D8B466CF1081}.Release|Any CPU.ActiveCfg = Release|Any CPU
		{64653841-71C8-4287-8A92-D8B466CF1081}.Release|Any CPU.Build.0 = Release|Any CPU
	EndGlobalSection
EndGlobal
